
Microsoft Visual Studio Solution File, Format Version 12.00
# Visual Studio Version 16
VisualStudioVersion = 16.0.31515.178
MinimumVisualStudioVersion = 10.0.40219.1
Project("{9A19103F-16F7-4668-BE54-9A1E7A4F7556}") = "Pijaca", "Pijaca\Pijaca.csproj", "{549EEB88-F436-4803-A1D7-96A86D31858B}"
EndProject
Global
	GlobalSection(SolutionConfigurationPlatforms) = preSolution
		Debug|Any CPU = Debug|Any CPU
		Release|Any CPU = Release|Any CPU
	EndGlobalSection
	GlobalSection(ProjectConfigurationPlatforms) = postSolution
		{549EEB88-F436-4803-A1D7-96A86D31858B}.Debug|Any CPU.ActiveCfg = Debug|Any CPU
		{549EEB88-F436-4803-A1D7-96A86D31858B}.Debug|Any CPU.Build.0 = Debug|Any CPU
		{549EEB88-F436-4803-A1D7-96A86D31858B}.Release|Any CPU.ActiveCfg = Release|Any CPU
		{549EEB88-F436-4803-A1D7-96A86D31858B}.Release|Any CPU.Build.0 = Release|Any CPU
	EndGlobalSection
	GlobalSection(SolutionProperties) = preSolution
		HideSolutionNode = FALSE
	EndGlobalSection
	GlobalSection(ExtensibilityGlobals) = postSolution
		SolutionGuid = {88BEB924-E42E-426B-A2CB-1B8CD642B945}
	EndGlobalSection
EndGlobal
